<?xml version="1.0" encoding="utf-8"?>
<Project ToolsVersion="4.0" xmlns="http://schemas.microsoft.com/developer/msbuild/2003">
  <ItemGroup>
    <Filter Include="Math">
      <UniqueIdentifier>{93995380-89BD-4b04-88EB-625FBE52EBFB}</UniqueIdentifier>
      <Extensions>h;hpp;hxx;hm;inl;inc;xsd</Extensions>
    </Filter>
    <Filter Include="File">
      <UniqueIdentifier>{4FC737F1-C7A5-4376-A066-2A32D752A2FF}</UniqueIdentifier>
      <Extensions>cpp;c;cc;cxx;def;odl;idl;hpj;bat;asm;asmx</Extensions>
    </Filter>
    <Filter Include="OpenGL">
      <UniqueIdentifier>{c8ca1604-23fb-45cf-bbcb-2605b9068edc}</UniqueIdentifier>
    </Filter>
    <Filter Include="Utils">
      <UniqueIdentifier>{7cb36108-15e7-4480-b4e5-0eb25368ef70}</UniqueIdentifier>
    </Filter>
  </ItemGroup>
  <ItemGroup>
    <ClCompile Include="Matrix4d.cpp">
      <Filter>Math</Filter>
    </ClCompile>
    <ClCompile Include="Vector4d.cpp">
      <Filter>Math</Filter>
    </ClCompile>
    <ClCompile Include="OpenGL.cpp">
      <Filter>OpenGL</Filter>
    </ClCompile>
    <ClCompile Include="CamManager.cpp">
      <Filter>OpenGL</Filter>
    </ClCompile>
    <ClCompile Include="Lighting.cpp">
      <Filter>OpenGL</Filter>
    </ClCompile>
    <ClCompile Include="Utils.cpp">
      <Filter>Utils</Filter>
    </ClCompile>
    <ClCompile Include="LargeNumber.cpp">
      <Filter>Math</Filter>
    </ClCompile>
  </ItemGroup>
  <ItemGroup>
    <ClInclude Include="Matrix4d.h">
      <Filter>Math</Filter>
    </ClInclude>
    <ClInclude Include="Vector4d.h">
      <Filter>Math</Filter>
    </ClInclude>
    <ClInclude Include="FileOpen.h">
      <Filter>File</Filter>
    </ClInclude>
    <ClInclude Include="SwissArmyKnife.h">
      <Filter>Math</Filter>
    </ClInclude>
    <ClInclude Include="OpenGL.h">
      <Filter>OpenGL</Filter>
    </ClInclude>
    <ClInclude Include="Canvas.h">
      <Filter>OpenGL</Filter>
    </ClInclude>
    <ClInclude Include="Mathematic.h">
      <Filter>Math</Filter>
    </ClInclude>
    <ClInclude Include="CamManager.h">
      <Filter>OpenGL</Filter>
    </ClInclude>
    <ClInclude Include="Lighting.h">
      <Filter>OpenGL</Filter>
    </ClInclude>
    <ClInclude Include="File.h">
      <Filter>File</Filter>
    </ClInclude>
    <ClInclude Include="Utils.h">
      <Filter>Utils</Filter>
    </ClInclude>
    <ClInclude Include="Random.h">
      <Filter>Math</Filter>
    </ClInclude>
    <ClInclude Include="Timer.h">
      <Filter>Utils</Filter>
    </ClInclude>
    <ClInclude Include="LargeNumber.h">
      <Filter>Math</Filter>
    </ClInclude>
  </ItemGroup>
</Project>